
Microsoft Visual Studio Solution File, Format Version 12.00
# Visual Studio Version 16
VisualStudioVersion = 16.0.31205.134
MinimumVisualStudioVersion = 10.0.40219.1
Project("{FAE04EC0-301F-11D3-BF4B-00C04F79EFBC}") = "Week13", "Week13\Week13.csproj", "{2E454C91-1D3D-45A5-91AA-23EDA00FAA17}"
EndProject
Global
	GlobalSection(SolutionConfigurationPlatforms) = preSolution
		Debug|Any CPU = Debug|Any CPU
		Release|Any CPU = Release|Any CPU
	EndGlobalSection
	GlobalSection(ProjectConfigurationPlatforms) = postSolution
		{2E454C91-1D3D-45A5-91AA-23EDA00FAA17}.Debug|Any CPU.ActiveCfg = Debug|Any CPU
		{2E454C91-1D3D-45A5-91AA-23EDA00FAA17}.Debug|Any CPU.Build.0 = Debug|Any CPU
		{2E454C91-1D3D-45A5-91AA-23EDA00FAA17}.Release|Any CPU.ActiveCfg = Release|Any CPU
		{2E454C91-1D3D-45A5-91AA-23EDA00FAA17}.Release|Any CPU.Build.0 = Release|Any CPU
	EndGlobalSection
	GlobalSection(SolutionProperties) = preSolution
		HideSolutionNode = FALSE
	EndGlobalSection
	GlobalSection(ExtensibilityGlobals) = postSolution
		SolutionGuid = {795D97E3-60C2-4F3B-940B-C2758B76FDC6}
	EndGlobalSection
EndGlobal
