
Microsoft Visual Studio Solution File, Format Version 12.00
# Visual Studio Version 16
VisualStudioVersion = 16.0.31205.134
MinimumVisualStudioVersion = 10.0.40219.1
Project("{9A19103F-16F7-4668-BE54-9A1E7A4F7556}") = "Lab10", "Examples\Lab10.csproj", "{A15DD062-DD15-4789-985E-5915B5383677}"
EndProject
Global
	GlobalSection(SolutionConfigurationPlatforms) = preSolution
		Debug|Any CPU = Debug|Any CPU
		Release|Any CPU = Release|Any CPU
	EndGlobalSection
	GlobalSection(ProjectConfigurationPlatforms) = postSolution
		{A15DD062-DD15-4789-985E-5915B5383677}.Debug|Any CPU.ActiveCfg = Debug|Any CPU
		{A15DD062-DD15-4789-985E-5915B5383677}.Debug|Any CPU.Build.0 = Debug|Any CPU
		{A15DD062-DD15-4789-985E-5915B5383677}.Release|Any CPU.ActiveCfg = Release|Any CPU
		{A15DD062-DD15-4789-985E-5915B5383677}.Release|Any CPU.Build.0 = Release|Any CPU
	EndGlobalSection
	GlobalSection(SolutionProperties) = preSolution
		HideSolutionNode = FALSE
	EndGlobalSection
	GlobalSection(ExtensibilityGlobals) = postSolution
		SolutionGuid = {FF1DD451-846C-4428-A1F4-E276BD9D4ADF}
	EndGlobalSection
EndGlobal
